// !$*UTF8*$!
{
	archiveVersion = 1;
	classes = {
	};
	objectVersion = 46;
	objects = {

/* Begin PBXBuildFile section */
		7368DA6C188038220088701A /* Foundation.framework in Frameworks */ = {isa = PBXBuildFile; fileRef = 7368DA6B188038220088701A /* Foundation.framework */; };
		7368DA6E188038220088701A /* CoreGraphics.framework in Frameworks */ = {isa = PBXBuildFile; fileRef = 7368DA6D188038220088701A /* CoreGraphics.framework */; };
		7368DA70188038220088701A /* UIKit.framework in Frameworks */ = {isa = PBXBuildFile; fileRef = 7368DA6F188038220088701A /* UIKit.framework */; };
		7368DA76188038220088701A /* InfoPlist.strings in Resources */ = {isa = PBXBuildFile; fileRef = 7368DA74188038220088701A /* InfoPlist.strings */; };
		7368DA78188038220088701A /* main.m in Sources */ = {isa = PBXBuildFile; fileRef = 7368DA77188038220088701A /* main.m */; };
		7368DA7C188038220088701A /* ALPAppDelegate.m in Sources */ = {isa = PBXBuildFile; fileRef = 7368DA7B188038220088701A /* ALPAppDelegate.m */; };
		7368DA82188038220088701A /* ALPViewController.m in Sources */ = {isa = PBXBuildFile; fileRef = 7368DA81188038220088701A /* ALPViewController.m */; };
		7368DA84188038220088701A /* Images.xcassets in Resources */ = {isa = PBXBuildFile; fileRef = 7368DA83188038220088701A /* Images.xcassets */; };
		7368DA8B188038220088701A /* XCTest.framework in Frameworks */ = {isa = PBXBuildFile; fileRef = 7368DA8A188038220088701A /* XCTest.framework */; };
		7368DA8C188038220088701A /* Foundation.framework in Frameworks */ = {isa = PBXBuildFile; fileRef = 7368DA6B188038220088701A /* Foundation.framework */; };
		7368DA8D188038220088701A /* UIKit.framework in Frameworks */ = {isa = PBXBuildFile; fileRef = 7368DA6F188038220088701A /* UIKit.framework */; };
		7368DA95188038220088701A /* InfoPlist.strings in Resources */ = {isa = PBXBuildFile; fileRef = 7368DA93188038220088701A /* InfoPlist.strings */; };
		7368DA97188038220088701A /* ALPlayGroundTests.m in Sources */ = {isa = PBXBuildFile; fileRef = 7368DA96188038220088701A /* ALPlayGroundTests.m */; };
		B84212531993A89B001DB39D /* Main.storyboard in Resources */ = {isa = PBXBuildFile; fileRef = B84212521993A89B001DB39D /* Main.storyboard */; };
		B8AC3D2A198B96C200B52104 /* ALPUtilities.m in Sources */ = {isa = PBXBuildFile; fileRef = B8AC3D29198B96C200B52104 /* ALPUtilities.m */; };
		B8AC3D30198BC27900B52104 /* ALPNavigationViewController.m in Sources */ = {isa = PBXBuildFile; fileRef = B8AC3D2F198BC27900B52104 /* ALPNavigationViewController.m */; };
/* End PBXBuildFile section */

/* Begin PBXContainerItemProxy section */
		7368DA8E188038220088701A /* PBXContainerItemProxy */ = {
			isa = PBXContainerItemProxy;
			containerPortal = 7368DA60188038220088701A /* Project object */;
			proxyType = 1;
			remoteGlobalIDString = 7368DA67188038220088701A;
			remoteInfo = ALPlayGround;
		};
/* End PBXContainerItemProxy section */

/* Begin PBXFileReference section */
		7368DA68188038220088701A /* ALPlayGround.app */ = {isa = PBXFileReference; explicitFileType = wrapper.application; includeInIndex = 0; path = ALPlayGround.app; sourceTree = BUILT_PRODUCTS_DIR; };
		7368DA6B188038220088701A /* Foundation.framework */ = {isa = PBXFileReference; lastKnownFileType = wrapper.framework; name = Foundation.framework; path = System/Library/Frameworks/Foundation.framework; sourceTree = SDKROOT; };
		7368DA6D188038220088701A /* CoreGraphics.framework */ = {isa = PBXFileReference; lastKnownFileType = wrapper.framework; name = CoreGraphics.framework; path = System/Library/Frameworks/CoreGraphics.framework; sourceTree = SDKROOT; };
		7368DA6F188038220088701A /* UIKit.framework */ = {isa = PBXFileReference; lastKnownFileType = wrapper.framework; name = UIKit.framework; path = System/Library/Frameworks/UIKit.framework; sourceTree = SDKROOT; };
		7368DA73188038220088701A /* ALPlayGround-Info.plist */ = {isa = PBXFileReference; lastKnownFileType = text.plist.xml; path = "ALPlayGround-Info.plist"; sourceTree = "<group>"; };
		7368DA75188038220088701A /* en */ = {isa = PBXFileReference; lastKnownFileType = text.plist.strings; name = en; path = en.lproj/InfoPlist.strings; sourceTree = "<group>"; };
		7368DA77188038220088701A /* main.m */ = {isa = PBXFileReference; lastKnownFileType = sourcecode.c.objc; path = main.m; sourceTree = "<group>"; };
		7368DA79188038220088701A /* ALPlayGround-Prefix.pch */ = {isa = PBXFileReference; lastKnownFileType = sourcecode.c.h; path = "ALPlayGround-Prefix.pch"; sourceTree = "<group>"; };
		7368DA7A188038220088701A /* ALPAppDelegate.h */ = {isa = PBXFileReference; lastKnownFileType = sourcecode.c.h; path = ALPAppDelegate.h; sourceTree = "<group>"; };
		7368DA7B188038220088701A /* ALPAppDelegate.m */ = {isa = PBXFileReference; lastKnownFileType = sourcecode.c.objc; path = ALPAppDelegate.m; sourceTree = "<group>"; };
		7368DA80188038220088701A /* ALPViewController.h */ = {isa = PBXFileReference; lastKnownFileType = sourcecode.c.h; path = ALPViewController.h; sourceTree = "<group>"; };
		7368DA81188038220088701A /* ALPViewController.m */ = {isa = PBXFileReference; lastKnownFileType = sourcecode.c.objc; path = ALPViewController.m; sourceTree = "<group>"; };
		7368DA83188038220088701A /* Images.xcassets */ = {isa = PBXFileReference; lastKnownFileType = folder.assetcatalog; path = Images.xcassets; sourceTree = "<group>"; };
		7368DA89188038220088701A /* ALPlayGroundTests.xctest */ = {isa = PBXFileReference; explicitFileType = wrapper.cfbundle; includeInIndex = 0; path = ALPlayGroundTests.xctest; sourceTree = BUILT_PRODUCTS_DIR; };
		7368DA8A188038220088701A /* XCTest.framework */ = {isa = PBXFileReference; lastKnownFileType = wrapper.framework; name = XCTest.framework; path = Library/Frameworks/XCTest.framework; sourceTree = DEVELOPER_DIR; };
		7368DA92188038220088701A /* ALPlayGroundTests-Info.plist */ = {isa = PBXFileReference; lastKnownFileType = text.plist.xml; path = "ALPlayGroundTests-Info.plist"; sourceTree = "<group>"; };
		7368DA94188038220088701A /* en */ = {isa = PBXFileReference; lastKnownFileType = text.plist.strings; name = en; path = en.lproj/InfoPlist.strings; sourceTree = "<group>"; };
		7368DA96188038220088701A /* ALPlayGroundTests.m */ = {isa = PBXFileReference; lastKnownFileType = sourcecode.c.objc; path = ALPlayGroundTests.m; sourceTree = "<group>"; };
		B84212521993A89B001DB39D /* Main.storyboard */ = {isa = PBXFileReference; fileEncoding = 4; lastKnownFileType = file.storyboard; name = Main.storyboard; path = ../../../../../.Trash/Main.storyboard; sourceTree = "<group>"; };
		B8AC3D28198B96C200B52104 /* ALPUtilities.h */ = {isa = PBXFileReference; fileEncoding = 4; lastKnownFileType = sourcecode.c.h; path = ALPUtilities.h; sourceTree = "<group>"; };
		B8AC3D29198B96C200B52104 /* ALPUtilities.m */ = {isa = PBXFileReference; fileEncoding = 4; lastKnownFileType = sourcecode.c.objc; path = ALPUtilities.m; sourceTree = "<group>"; };
		B8AC3D2E198BC27900B52104 /* ALPNavigationViewController.h */ = {isa = PBXFileReference; fileEncoding = 4; lastKnownFileType = sourcecode.c.h; path = ALPNavigationViewController.h; sourceTree = "<group>"; };
		B8AC3D2F198BC27900B52104 /* ALPNavigationViewController.m */ = {isa = PBXFileReference; fileEncoding = 4; lastKnownFileType = sourcecode.c.objc; path = ALPNavigationViewController.m; sourceTree = "<group>"; };
/* End PBXFileReference section */

/* Begin PBXFrameworksBuildPhase section */
		7368DA65188038220088701A /* Frameworks */ = {
			isa = PBXFrameworksBuildPhase;
			buildActionMask = 2147483647;
			files = (
				7368DA6E188038220088701A /* CoreGraphics.framework in Frameworks */,
				7368DA70188038220088701A /* UIKit.framework in Frameworks */,
				7368DA6C188038220088701A /* Foundation.framework in Frameworks */,
			);
			runOnlyForDeploymentPostprocessing = 0;
		};
		7368DA86188038220088701A /* Frameworks */ = {
			isa = PBXFrameworksBuildPhase;
			buildActionMask = 2147483647;
			files = (
				7368DA8B188038220088701A /* XCTest.framework in Frameworks */,
				7368DA8D188038220088701A /* UIKit.framework in Frameworks */,
				7368DA8C188038220088701A /* Foundation.framework in Frameworks */,
			);
			runOnlyForDeploymentPostprocessing = 0;
		};
/* End PBXFrameworksBuildPhase section */

/* Begin PBXGroup section */
		7368DA5F188038220088701A = {
			isa = PBXGroup;
			children = (
				7368DA71188038220088701A /* ALPlayGround */,
				7368DA90188038220088701A /* ALPlayGroundTests */,
				7368DA6A188038220088701A /* Frameworks */,
				7368DA69188038220088701A /* Products */,
			);
			sourceTree = "<group>";
		};
		7368DA69188038220088701A /* Products */ = {
			isa = PBXGroup;
			children = (
				7368DA68188038220088701A /* ALPlayGround.app */,
				7368DA89188038220088701A /* ALPlayGroundTests.xctest */,
			);
			name = Products;
			sourceTree = "<group>";
		};
		7368DA6A188038220088701A /* Frameworks */ = {
			isa = PBXGroup;
			children = (
				7368DA6B188038220088701A /* Foundation.framework */,
				7368DA6D188038220088701A /* CoreGraphics.framework */,
				7368DA6F188038220088701A /* UIKit.framework */,
				7368DA8A188038220088701A /* XCTest.framework */,
			);
			name = Frameworks;
			sourceTree = "<group>";
		};
		7368DA71188038220088701A /* ALPlayGround */ = {
			isa = PBXGroup;
			children = (
				B8AC3D33198ED85000B52104 /* Common */,
				B8AC3D32198ED84700B52104 /* Controller */,
				B8AC3D31198ED83800B52104 /* Misc */,
				7368DA72188038220088701A /* Supporting Files */,
			);
			path = ALPlayGround;
			sourceTree = "<group>";
		};
		7368DA72188038220088701A /* Supporting Files */ = {
			isa = PBXGroup;
			children = (
				7368DA73188038220088701A /* ALPlayGround-Info.plist */,
				7368DA74188038220088701A /* InfoPlist.strings */,
				7368DA77188038220088701A /* main.m */,
				7368DA79188038220088701A /* ALPlayGround-Prefix.pch */,
			);
			name = "Supporting Files";
			sourceTree = "<group>";
		};
		7368DA90188038220088701A /* ALPlayGroundTests */ = {
			isa = PBXGroup;
			children = (
				7368DA96188038220088701A /* ALPlayGroundTests.m */,
				7368DA91188038220088701A /* Supporting Files */,
			);
			path = ALPlayGroundTests;
			sourceTree = "<group>";
		};
		7368DA91188038220088701A /* Supporting Files */ = {
			isa = PBXGroup;
			children = (
				7368DA92188038220088701A /* ALPlayGroundTests-Info.plist */,
				7368DA93188038220088701A /* InfoPlist.strings */,
			);
			name = "Supporting Files";
			sourceTree = "<group>";
		};
		B8AC3D31198ED83800B52104 /* Misc */ = {
			isa = PBXGroup;
			children = (
				B8AC3D28198B96C200B52104 /* ALPUtilities.h */,
				B8AC3D29198B96C200B52104 /* ALPUtilities.m */,
			);
			name = Misc;
			sourceTree = "<group>";
		};
		B8AC3D32198ED84700B52104 /* Controller */ = {
			isa = PBXGroup;
			children = (
				7368DA80188038220088701A /* ALPViewController.h */,
				7368DA81188038220088701A /* ALPViewController.m */,
				B8AC3D2E198BC27900B52104 /* ALPNavigationViewController.h */,
				B8AC3D2F198BC27900B52104 /* ALPNavigationViewController.m */,
			);
			name = Controller;
			sourceTree = "<group>";
		};
		B8AC3D33198ED85000B52104 /* Common */ = {
			isa = PBXGroup;
			children = (
				7368DA7A188038220088701A /* ALPAppDelegate.h */,
				7368DA7B188038220088701A /* ALPAppDelegate.m */,
				7368DA83188038220088701A /* Images.xcassets */,
				B84212521993A89B001DB39D /* Main.storyboard */,
			);
			name = Common;
			sourceTree = "<group>";
		};
/* End PBXGroup section */

/* Begin PBXNativeTarget section */
		7368DA67188038220088701A /* ALPlayGround */ = {
			isa = PBXNativeTarget;
			buildConfigurationList = 7368DA9A188038220088701A /* Build configuration list for PBXNativeTarget "ALPlayGround" */;
			buildPhases = (
				7368DA64188038220088701A /* Sources */,
				7368DA65188038220088701A /* Frameworks */,
				7368DA66188038220088701A /* Resources */,
			);
			buildRules = (
			);
			dependencies = (
			);
			name = ALPlayGround;
			productName = ALPlayGround;
			productReference = 7368DA68188038220088701A /* ALPlayGround.app */;
			productType = "com.apple.product-type.application";
		};
		7368DA88188038220088701A /* ALPlayGroundTests */ = {
			isa = PBXNativeTarget;
			buildConfigurationList = 7368DA9D188038220088701A /* Build configuration list for PBXNativeTarget "ALPlayGroundTests" */;
			buildPhases = (
				7368DA85188038220088701A /* Sources */,
				7368DA86188038220088701A /* Frameworks */,
				7368DA87188038220088701A /* Resources */,
			);
			buildRules = (
			);
			dependencies = (
				7368DA8F188038220088701A /* PBXTargetDependency */,
			);
			name = ALPlayGroundTests;
			productName = ALPlayGroundTests;
			productReference = 7368DA89188038220088701A /* ALPlayGroundTests.xctest */;
			productType = "com.apple.product-type.bundle.unit-test";
		};
/* End PBXNativeTarget section */

/* Begin PBXProject section */
		7368DA60188038220088701A /* Project object */ = {
			isa = PBXProject;
			attributes = {
				CLASSPREFIX = ALP;
				LastUpgradeCheck = 0600;
				ORGANIZATIONNAME = "Pit Garbe";
				TargetAttributes = {
					7368DA88188038220088701A = {
						TestTargetID = 7368DA67188038220088701A;
					};
				};
			};
			buildConfigurationList = 7368DA63188038220088701A /* Build configuration list for PBXProject "ALPlayGround" */;
			compatibilityVersion = "Xcode 3.2";
			developmentRegion = English;
			hasScannedForEncodings = 0;
			knownRegions = (
				en,
				Base,
			);
			mainGroup = 7368DA5F188038220088701A;
			productRefGroup = 7368DA69188038220088701A /* Products */;
			projectDirPath = "";
			projectRoot = "";
			targets = (
				7368DA67188038220088701A /* ALPlayGround */,
				7368DA88188038220088701A /* ALPlayGroundTests */,
			);
		};
/* End PBXProject section */

/* Begin PBXResourcesBuildPhase section */
		7368DA66188038220088701A /* Resources */ = {
			isa = PBXResourcesBuildPhase;
			buildActionMask = 2147483647;
			files = (
				B84212531993A89B001DB39D /* Main.storyboard in Resources */,
				7368DA84188038220088701A /* Images.xcassets in Resources */,
				7368DA76188038220088701A /* InfoPlist.strings in Resources */,
			);
			runOnlyForDeploymentPostprocessing = 0;
		};
		7368DA87188038220088701A /* Resources */ = {
			isa = PBXResourcesBuildPhase;
			buildActionMask = 2147483647;
			files = (
				7368DA95188038220088701A /* InfoPlist.strings in Resources */,
			);
			runOnlyForDeploymentPostprocessing = 0;
		};
/* End PBXResourcesBuildPhase section */

/* Begin PBXSourcesBuildPhase section */
		7368DA64188038220088701A /* Sources */ = {
			isa = PBXSourcesBuildPhase;
			buildActionMask = 2147483647;
			files = (
				7368DA7C188038220088701A /* ALPAppDelegate.m in Sources */,
				7368DA78188038220088701A /* main.m in Sources */,
				B8AC3D2A198B96C200B52104 /* ALPUtilities.m in Sources */,
				7368DA82188038220088701A /* ALPViewController.m in Sources */,
				B8AC3D30198BC27900B52104 /* ALPNavigationViewController.m in Sources */,
			);
			runOnlyForDeploymentPostprocessing = 0;
		};
		7368DA85188038220088701A /* Sources */ = {
			isa = PBXSourcesBuildPhase;
			buildActionMask = 2147483647;
			files = (
				7368DA97188038220088701A /* ALPlayGroundTests.m in Sources */,
			);
			runOnlyForDeploymentPostprocessing = 0;
		};
/* End PBXSourcesBuildPhase section */

/* Begin PBXTargetDependency section */
		7368DA8F188038220088701A /* PBXTargetDependency */ = {
			isa = PBXTargetDependency;
			target = 7368DA67188038220088701A /* ALPlayGround */;
			targetProxy = 7368DA8E188038220088701A /* PBXContainerItemProxy */;
		};
/* End PBXTargetDependency section */

/* Begin PBXVariantGroup section */
		7368DA74188038220088701A /* InfoPlist.strings */ = {
			isa = PBXVariantGroup;
			children = (
				7368DA75188038220088701A /* en */,
			);
			name = InfoPlist.strings;
			sourceTree = "<group>";
		};
		7368DA93188038220088701A /* InfoPlist.strings */ = {
			isa = PBXVariantGroup;
			children = (
				7368DA94188038220088701A /* en */,
			);
			name = InfoPlist.strings;
			sourceTree = "<group>";
		};
/* End PBXVariantGroup section */

/* Begin XCBuildConfiguration section */
		7368DA98188038220088701A /* Debug */ = {
			isa = XCBuildConfiguration;
			buildSettings = {
				ALWAYS_SEARCH_USER_PATHS = NO;
				CLANG_CXX_LANGUAGE_STANDARD = "gnu++0x";
				CLANG_CXX_LIBRARY = "libc++";
				CLANG_ENABLE_MODULES = YES;
				CLANG_ENABLE_OBJC_ARC = YES;
				CLANG_WARN_BOOL_CONVERSION = YES;
				CLANG_WARN_CONSTANT_CONVERSION = YES;
				CLANG_WARN_DIRECT_OBJC_ISA_USAGE = YES_ERROR;
				CLANG_WARN_EMPTY_BODY = YES;
				CLANG_WARN_ENUM_CONVERSION = YES;
				CLANG_WARN_INT_CONVERSION = YES;
				CLANG_WARN_OBJC_ROOT_CLASS = YES_ERROR;
				CLANG_WARN__DUPLICATE_METHOD_MATCH = YES;
				"CODE_SIGN_IDENTITY[sdk=iphoneos*]" = "iPhone Developer";
				COPY_PHASE_STRIP = NO;
				GCC_C_LANGUAGE_STANDARD = gnu99;
				GCC_DYNAMIC_NO_PIC = NO;
				GCC_OPTIMIZATION_LEVEL = 0;
				GCC_PREPROCESSOR_DEFINITIONS = (
					"DEBUG=1",
					"$(inherited)",
				);
				GCC_SYMBOLS_PRIVATE_EXTERN = NO;
				GCC_WARN_64_TO_32_BIT_CONVERSION = YES;
				GCC_WARN_ABOUT_RETURN_TYPE = YES_ERROR;
				GCC_WARN_UNDECLARED_SELECTOR = YES;
				GCC_WARN_UNINITIALIZED_AUTOS = YES;
				GCC_WARN_UNUSED_FUNCTION = YES;
				GCC_WARN_UNUSED_VARIABLE = YES;
				IPHONEOS_DEPLOYMENT_TARGET = 7.0;
				ONLY_ACTIVE_ARCH = YES;
				SDKROOT = iphoneos;
			};
			name = Debug;
		};
		7368DA99188038220088701A /* Release */ = {
			isa = XCBuildConfiguration;
			buildSettings = {
				ALWAYS_SEARCH_USER_PATHS = NO;
				CLANG_CXX_LANGUAGE_STANDARD = "gnu++0x";
				CLANG_CXX_LIBRARY = "libc++";
				CLANG_ENABLE_MODULES = YES;
				CLANG_ENABLE_OBJC_ARC = YES;
				CLANG_WARN_BOOL_CONVERSION = YES;
				CLANG_WARN_CONSTANT_CONVERSION = YES;
				CLANG_WARN_DIRECT_OBJC_ISA_USAGE = YES_ERROR;
				CLANG_WARN_EMPTY_BODY = YES;
				CLANG_WARN_ENUM_CONVERSION = YES;
				CLANG_WARN_INT_CONVERSION = YES;
				CLANG_WARN_OBJC_ROOT_CLASS = YES_ERROR;
				CLANG_WARN__DUPLICATE_METHOD_MATCH = YES;
				"CODE_SIGN_IDENTITY[sdk=iphoneos*]" = "iPhone Developer";
				COPY_PHASE_STRIP = YES;
				ENABLE_NS_ASSERTIONS = NO;
				GCC_C_LANGUAGE_STANDARD = gnu99;
				GCC_WARN_64_TO_32_BIT_CONVERSION = YES;
				GCC_WARN_ABOUT_RETURN_TYPE = YES_ERROR;
				GCC_WARN_UNDECLARED_SELECTOR = YES;
				GCC_WARN_UNINITIALIZED_AUTOS = YES;
				GCC_WARN_UNUSED_FUNCTION = YES;
				GCC_WARN_UNUSED_VARIABLE = YES;
				IPHONEOS_DEPLOYMENT_TARGET = 7.0;
				SDKROOT = iphoneos;
				VALIDATE_PRODUCT = YES;
			};
			name = Release;
		};
		7368DA9B188038220088701A /* Debug */ = {
			isa = XCBuildConfiguration;
			buildSettings = {
				ASSETCATALOG_COMPILER_APPICON_NAME = AppIcon;
				ASSETCATALOG_COMPILER_LAUNCHIMAGE_NAME = LaunchImage;
				GCC_PRECOMPILE_PREFIX_HEADER = YES;
				GCC_PREFIX_HEADER = "ALPlayGround/ALPlayGround-Prefix.pch";
				INFOPLIST_FILE = "ALPlayGround/ALPlayGround-Info.plist";
				PRODUCT_NAME = "$(TARGET_NAME)";
				TARGETED_DEVICE_FAMILY = "1,2";
				WRAPPER_EXTENSION = app;
			};
			name = Debug;
		};
		7368DA9C188038220088701A /* Release */ = {
			isa = XCBuildConfiguration;
			buildSettings = {
				ASSETCATALOG_COMPILER_APPICON_NAME = AppIcon;
				ASSETCATALOG_COMPILER_LAUNCHIMAGE_NAME = LaunchImage;
				GCC_PRECOMPILE_PREFIX_HEADER = YES;
				GCC_PREFIX_HEADER = "ALPlayGround/ALPlayGround-Prefix.pch";
				INFOPLIST_FILE = "ALPlayGround/ALPlayGround-Info.plist";
				PRODUCT_NAME = "$(TARGET_NAME)";
				TARGETED_DEVICE_FAMILY = "1,2";
				WRAPPER_EXTENSION = app;
			};
			name = Release;
		};
		7368DA9E188038220088701A /* Debug */ = {
			isa = XCBuildConfiguration;
			buildSettings = {
				BUNDLE_LOADER = "$(BUILT_PRODUCTS_DIR)/ALPlayGround.app/ALPlayGround";
				FRAMEWORK_SEARCH_PATHS = (
					"$(SDKROOT)/Developer/Library/Frameworks",
					"$(inherited)",
					"$(DEVELOPER_FRAMEWORKS_DIR)",
				);
				GCC_PRECOMPILE_PREFIX_HEADER = YES;
				GCC_PREFIX_HEADER = "ALPlayGround/ALPlayGround-Prefix.pch";
				GCC_PREPROCESSOR_DEFINITIONS = (
					"DEBUG=1",
					"$(inherited)",
				);
				INFOPLIST_FILE = "ALPlayGroundTests/ALPlayGroundTests-Info.plist";
				PRODUCT_NAME = "$(TARGET_NAME)";
				TEST_HOST = "$(BUNDLE_LOADER)";
				WRAPPER_EXTENSION = xctest;
			};
			name = Debug;
		};
		7368DA9F188038220088701A /* Release */ = {
			isa = XCBuildConfiguration;
			buildSettings = {
				BUNDLE_LOADER = "$(BUILT_PRODUCTS_DIR)/ALPlayGround.app/ALPlayGround";
				FRAMEWORK_SEARCH_PATHS = (
					"$(SDKROOT)/Developer/Library/Frameworks",
					"$(inherited)",
					"$(DEVELOPER_FRAMEWORKS_DIR)",
				);
				GCC_PRECOMPILE_PREFIX_HEADER = YES;
				GCC_PREFIX_HEADER = "ALPlayGround/ALPlayGround-Prefix.pch";
				INFOPLIST_FILE = "ALPlayGroundTests/ALPlayGroundTests-Info.plist";
				PRODUCT_NAME = "$(TARGET_NAME)";
				TEST_HOST = "$(BUNDLE_LOADER)";
				WRAPPER_EXTENSION = xctest;
			};
			name = Release;
		};
/* End XCBuildConfiguration section */

/* Begin XCConfigurationList section */
		7368DA63188038220088701A /* Build configuration list for PBXProject "ALPlayGround" */ = {
			isa = XCConfigurationList;
			buildConfigurations = (
				7368DA98188038220088701A /* Debug */,
				7368DA99188038220088701A /* Release */,
			);
			defaultConfigurationIsVisible = 0;
			defaultConfigurationName = Release;
		};
		7368DA9A188038220088701A /* Build configuration list for PBXNativeTarget "ALPlayGround" */ = {
			isa = XCConfigurationList;
			buildConfigurations = (
				7368DA9B188038220088701A /* Debug */,
				7368DA9C188038220088701A /* Release */,
			);
			defaultConfigurationIsVisible = 0;
			defaultConfigurationName = Release;
		};
		7368DA9D188038220088701A /* Build configuration list for PBXNativeTarget "ALPlayGroundTests" */ = {
			isa = XCConfigurationList;
			buildConfigurations = (
				7368DA9E188038220088701A /* Debug */,
				7368DA9F188038220088701A /* Release */,
			);
			defaultConfigurationIsVisible = 0;
			defaultConfigurationName = Release;
		};
/* End XCConfigurationList section */
	};
	rootObject = 7368DA60188038220088701A /* Project object */;
}
